
Microsoft Visual Studio Solution File, Format Version 12.00
# Visual Studio Version 17
VisualStudioVersion = 17.9.34728.123
MinimumVisualStudioVersion = 10.0.40219.1
Project("{888888A0-9F3D-457C-B088-3A5042F75D52}") = "Enigma", "Enigma\Enigma.pyproj", "{4A040311-642F-4ACB-B7F3-682E6C99B760}"
EndProject
Global
	GlobalSection(SolutionConfigurationPlatforms) = preSolution
		Debug|Any CPU = Debug|Any CPU
		Release|Any CPU = Release|Any CPU
	EndGlobalSection
	GlobalSection(ProjectConfigurationPlatforms) = postSolution
		{4A040311-642F-4ACB-B7F3-682E6C99B760}.Debug|Any CPU.ActiveCfg = Debug|Any CPU
		{4A040311-642F-4ACB-B7F3-682E6C99B760}.Release|Any CPU.ActiveCfg = Release|Any CPU
	EndGlobalSection
	GlobalSection(SolutionProperties) = preSolution
		HideSolutionNode = FALSE
	EndGlobalSection
	GlobalSection(ExtensibilityGlobals) = postSolution
		SolutionGuid = {D5BD46F8-90D7-435C-8E7D-50CB135837D2}
	EndGlobalSection
EndGlobal
